
Microsoft Visual Studio Solution File, Format Version 12.00
# Visual Studio Version 17
VisualStudioVersion = 17.11.35327.3
MinimumVisualStudioVersion = 10.0.40219.1
Project("{2150E333-8FDC-42A3-9474-1A3956D46DE8}") = "src", "src", "{8EED74DA-71D0-4CA1-AB3B-1617DF063130}"
EndProject
Project("{9A19103F-16F7-4668-BE54-9A1E7A4F7556}") = "EnvironmentMonitor.Domain", "src\EnvironmentMonitor.Domain\EnvironmentMonitor.Domain.csproj", "{D2BB7BF1-8FB2-4199-B808-E39A3F2EF13E}"
EndProject
Project("{9A19103F-16F7-4668-BE54-9A1E7A4F7556}") = "EnvironmentMonitor.Infrastructure", "src\EnvironmentMonitor.Infrastructure\EnvironmentMonitor.Infrastructure.csproj", "{DB1E84BD-74AB-4A8E-9C59-25C06944889F}"
EndProject
Project("{9A19103F-16F7-4668-BE54-9A1E7A4F7556}") = "EnvironmentMonitor.Migrations", "src\EnvironmentMonitor.Migrations\EnvironmentMonitor.Migrations.csproj", "{DD02DDAC-DDFB-4572-8D51-7DEA93E3604D}"
EndProject
Project("{9A19103F-16F7-4668-BE54-9A1E7A4F7556}") = "EnvironmentMonitor.Application", "src\EnvironmentMonitor.Application\EnvironmentMonitor.Application.csproj", "{94C8643B-F1B3-495D-999C-3C5B9D8F458C}"
EndProject
Project("{9A19103F-16F7-4668-BE54-9A1E7A4F7556}") = "EnvironmentMonitor.HubObserver", "src\EnvironmentMonitor.HubObserver\EnvironmentMonitor.HubObserver.csproj", "{3E3A3EED-F0C6-422B-BF0F-C917A9A8614A}"
EndProject
Project("{FAE04EC0-301F-11D3-BF4B-00C04F79EFBC}") = "EnvironmentMonitor.WebApi", "src\EnvironmentMonitor.WebApi\EnvironmentMonitor.WebApi.csproj", "{20284EC1-5333-4485-990C-563B10E482EF}"
EndProject
Project("{2150E333-8FDC-42A3-9474-1A3956D46DE8}") = "tests", "tests", "{95C17B13-0784-4421-BEEF-A135420C4FE5}"
EndProject
Project("{FAE04EC0-301F-11D3-BF4B-00C04F79EFBC}") = "EnvironmentMonitor.Tests", "tests\EnvironmentMonitor.Tests\EnvironmentMonitor.Tests.csproj", "{BEE69CC8-3087-45C8-A2CB-4D0D86BEC02D}"
EndProject
Project("{FAE04EC0-301F-11D3-BF4B-00C04F79EFBC}") = "EnvironmentMonitor.UnitTests", "tests\EnvironmentMonitor.UnitTests\EnvironmentMonitor.UnitTests.csproj", "{C4C58D7E-DF86-47B5-8044-009FE1FB9A3B}"
EndProject
Global
	GlobalSection(SolutionConfigurationPlatforms) = preSolution
		Debug|Any CPU = Debug|Any CPU
		Debug|x64 = Debug|x64
		Debug|x86 = Debug|x86
		Release|Any CPU = Release|Any CPU
		Release|x64 = Release|x64
		Release|x86 = Release|x86
	EndGlobalSection
	GlobalSection(ProjectConfigurationPlatforms) = postSolution
		{D2BB7BF1-8FB2-4199-B808-E39A3F2EF13E}.Debug|Any CPU.ActiveCfg = Debug|Any CPU
		{D2BB7BF1-8FB2-4199-B808-E39A3F2EF13E}.Debug|Any CPU.Build.0 = Debug|Any CPU
		{D2BB7BF1-8FB2-4199-B808-E39A3F2EF13E}.Debug|x64.ActiveCfg = Debug|Any CPU
		{D2BB7BF1-8FB2-4199-B808-E39A3F2EF13E}.Debug|x64.Build.0 = Debug|Any CPU
		{D2BB7BF1-8FB2-4199-B808-E39A3F2EF13E}.Debug|x86.ActiveCfg = Debug|Any CPU
		{D2BB7BF1-8FB2-4199-B808-E39A3F2EF13E}.Debug|x86.Build.0 = Debug|Any CPU
		{D2BB7BF1-8FB2-4199-B808-E39A3F2EF13E}.Release|Any CPU.ActiveCfg = Release|Any CPU
		{D2BB7BF1-8FB2-4199-B808-E39A3F2EF13E}.Release|Any CPU.Build.0 = Release|Any CPU
		{D2BB7BF1-8FB2-4199-B808-E39A3F2EF13E}.Release|x64.ActiveCfg = Release|Any CPU
		{D2BB7BF1-8FB2-4199-B808-E39A3F2EF13E}.Release|x64.Build.0 = Release|Any CPU
		{D2BB7BF1-8FB2-4199-B808-E39A3F2EF13E}.Release|x86.ActiveCfg = Release|Any CPU
		{D2BB7BF1-8FB2-4199-B808-E39A3F2EF13E}.Release|x86.Build.0 = Release|Any CPU
		{DB1E84BD-74AB-4A8E-9C59-25C06944889F}.Debug|Any CPU.ActiveCfg = Debug|Any CPU
		{DB1E84BD-74AB-4A8E-9C59-25C06944889F}.Debug|Any CPU.Build.0 = Debug|Any CPU
		{DB1E84BD-74AB-4A8E-9C59-25C06944889F}.Debug|x64.ActiveCfg = Debug|Any CPU
		{DB1E84BD-74AB-4A8E-9C59-25C06944889F}.Debug|x64.Build.0 = Debug|Any CPU
		{DB1E84BD-74AB-4A8E-9C59-25C06944889F}.Debug|x86.ActiveCfg = Debug|Any CPU
		{DB1E84BD-74AB-4A8E-9C59-25C06944889F}.Debug|x86.Build.0 = Debug|Any CPU
		{DB1E84BD-74AB-4A8E-9C59-25C06944889F}.Release|Any CPU.ActiveCfg = Release|Any CPU
		{DB1E84BD-74AB-4A8E-9C59-25C06944889F}.Release|Any CPU.Build.0 = Release|Any CPU
		{DB1E84BD-74AB-4A8E-9C59-25C06944889F}.Release|x64.ActiveCfg = Release|Any CPU
		{DB1E84BD-74AB-4A8E-9C59-25C06944889F}.Release|x64.Build.0 = Release|Any CPU
		{DB1E84BD-74AB-4A8E-9C59-25C06944889F}.Release|x86.ActiveCfg = Release|Any CPU
		{DB1E84BD-74AB-4A8E-9C59-25C06944889F}.Release|x86.Build.0 = Release|Any CPU
		{DD02DDAC-DDFB-4572-8D51-7DEA93E3604D}.Debug|Any CPU.ActiveCfg = Debug|Any CPU
		{DD02DDAC-DDFB-4572-8D51-7DEA93E3604D}.Debug|Any CPU.Build.0 = Debug|Any CPU
		{DD02DDAC-DDFB-4572-8D51-7DEA93E3604D}.Debug|x64.ActiveCfg = Debug|Any CPU
		{DD02DDAC-DDFB-4572-8D51-7DEA93E3604D}.Debug|x64.Build.0 = Debug|Any CPU
		{DD02DDAC-DDFB-4572-8D51-7DEA93E3604D}.Debug|x86.ActiveCfg = Debug|Any CPU
		{DD02DDAC-DDFB-4572-8D51-7DEA93E3604D}.Debug|x86.Build.0 = Debug|Any CPU
		{DD02DDAC-DDFB-4572-8D51-7DEA93E3604D}.Release|Any CPU.ActiveCfg = Release|Any CPU
		{DD02DDAC-DDFB-4572-8D51-7DEA93E3604D}.Release|Any CPU.Build.0 = Release|Any CPU
		{DD02DDAC-DDFB-4572-8D51-7DEA93E3604D}.Release|x64.ActiveCfg = Release|Any CPU
		{DD02DDAC-DDFB-4572-8D51-7DEA93E3604D}.Release|x64.Build.0 = Release|Any CPU
		{DD02DDAC-DDFB-4572-8D51-7DEA93E3604D}.Release|x86.ActiveCfg = Release|Any CPU
		{DD02DDAC-DDFB-4572-8D51-7DEA93E3604D}.Release|x86.Build.0 = Release|Any CPU
		{94C8643B-F1B3-495D-999C-3C5B9D8F458C}.Debug|Any CPU.ActiveCfg = Debug|Any CPU
		{94C8643B-F1B3-495D-999C-3C5B9D8F458C}.Debug|Any CPU.Build.0 = Debug|Any CPU
		{94C8643B-F1B3-495D-999C-3C5B9D8F458C}.Debug|x64.ActiveCfg = Debug|Any CPU
		{94C8643B-F1B3-495D-999C-3C5B9D8F458C}.Debug|x64.Build.0 = Debug|Any CPU
		{94C8643B-F1B3-495D-999C-3C5B9D8F458C}.Debug|x86.ActiveCfg = Debug|Any CPU
		{94C8643B-F1B3-495D-999C-3C5B9D8F458C}.Debug|x86.Build.0 = Debug|Any CPU
		{94C8643B-F1B3-495D-999C-3C5B9D8F458C}.Release|Any CPU.ActiveCfg = Release|Any CPU
		{94C8643B-F1B3-495D-999C-3C5B9D8F458C}.Release|Any CPU.Build.0 = Release|Any CPU
		{94C8643B-F1B3-495D-999C-3C5B9D8F458C}.Release|x64.ActiveCfg = Release|Any CPU
		{94C8643B-F1B3-495D-999C-3C5B9D8F458C}.Release|x64.Build.0 = Release|Any CPU
		{94C8643B-F1B3-495D-999C-3C5B9D8F458C}.Release|x86.ActiveCfg = Release|Any CPU
		{94C8643B-F1B3-495D-999C-3C5B9D8F458C}.Release|x86.Build.0 = Release|Any CPU
		{3E3A3EED-F0C6-422B-BF0F-C917A9A8614A}.Debug|Any CPU.ActiveCfg = Debug|Any CPU
		{3E3A3EED-F0C6-422B-BF0F-C917A9A8614A}.Debug|Any CPU.Build.0 = Debug|Any CPU
		{3E3A3EED-F0C6-422B-BF0F-C917A9A8614A}.Debug|x64.ActiveCfg = Debug|Any CPU
		{3E3A3EED-F0C6-422B-BF0F-C917A9A8614A}.Debug|x64.Build.0 = Debug|Any CPU
		{3E3A3EED-F0C6-422B-BF0F-C917A9A8614A}.Debug|x86.ActiveCfg = Debug|Any CPU
		{3E3A3EED-F0C6-422B-BF0F-C917A9A8614A}.Debug|x86.Build.0 = Debug|Any CPU
		{3E3A3EED-F0C6-422B-BF0F-C917A9A8614A}.Release|Any CPU.ActiveCfg = Release|Any CPU
		{3E3A3EED-F0C6-422B-BF0F-C917A9A8614A}.Release|Any CPU.Build.0 = Release|Any CPU
		{3E3A3EED-F0C6-422B-BF0F-C917A9A8614A}.Release|x64.ActiveCfg = Release|Any CPU
		{3E3A3EED-F0C6-422B-BF0F-C917A9A8614A}.Release|x64.Build.0 = Release|Any CPU
		{3E3A3EED-F0C6-422B-BF0F-C917A9A8614A}.Release|x86.ActiveCfg = Release|Any CPU
		{3E3A3EED-F0C6-422B-BF0F-C917A9A8614A}.Release|x86.Build.0 = Release|Any CPU
		{20284EC1-5333-4485-990C-563B10E482EF}.Debug|Any CPU.ActiveCfg = Debug|Any CPU
		{20284EC1-5333-4485-990C-563B10E482EF}.Debug|Any CPU.Build.0 = Debug|Any CPU
		{20284EC1-5333-4485-990C-563B10E482EF}.Debug|x64.ActiveCfg = Debug|Any CPU
		{20284EC1-5333-4485-990C-563B10E482EF}.Debug|x64.Build.0 = Debug|Any CPU
		{20284EC1-5333-4485-990C-563B10E482EF}.Debug|x86.ActiveCfg = Debug|Any CPU
		{20284EC1-5333-4485-990C-563B10E482EF}.Debug|x86.Build.0 = Debug|Any CPU
		{20284EC1-5333-4485-990C-563B10E482EF}.Release|Any CPU.ActiveCfg = Release|Any CPU
		{20284EC1-5333-4485-990C-563B10E482EF}.Release|Any CPU.Build.0 = Release|Any CPU
		{20284EC1-5333-4485-990C-563B10E482EF}.Release|x64.ActiveCfg = Release|Any CPU
		{20284EC1-5333-4485-990C-563B10E482EF}.Release|x64.Build.0 = Release|Any CPU
		{20284EC1-5333-4485-990C-563B10E482EF}.Release|x86.ActiveCfg = Release|Any CPU
		{20284EC1-5333-4485-990C-563B10E482EF}.Release|x86.Build.0 = Release|Any CPU
		{BEE69CC8-3087-45C8-A2CB-4D0D86BEC02D}.Debug|Any CPU.ActiveCfg = Debug|Any CPU
		{BEE69CC8-3087-45C8-A2CB-4D0D86BEC02D}.Debug|Any CPU.Build.0 = Debug|Any CPU
		{BEE69CC8-3087-45C8-A2CB-4D0D86BEC02D}.Debug|x64.ActiveCfg = Debug|Any CPU
		{BEE69CC8-3087-45C8-A2CB-4D0D86BEC02D}.Debug|x64.Build.0 = Debug|Any CPU
		{BEE69CC8-3087-45C8-A2CB-4D0D86BEC02D}.Debug|x86.ActiveCfg = Debug|Any CPU
		{BEE69CC8-3087-45C8-A2CB-4D0D86BEC02D}.Debug|x86.Build.0 = Debug|Any CPU
		{BEE69CC8-3087-45C8-A2CB-4D0D86BEC02D}.Release|Any CPU.ActiveCfg = Release|Any CPU
		{BEE69CC8-3087-45C8-A2CB-4D0D86BEC02D}.Release|Any CPU.Build.0 = Release|Any CPU
		{BEE69CC8-3087-45C8-A2CB-4D0D86BEC02D}.Release|x64.ActiveCfg = Release|Any CPU
		{BEE69CC8-3087-45C8-A2CB-4D0D86BEC02D}.Release|x64.Build.0 = Release|Any CPU
		{BEE69CC8-3087-45C8-A2CB-4D0D86BEC02D}.Release|x86.ActiveCfg = Release|Any CPU
		{BEE69CC8-3087-45C8-A2CB-4D0D86BEC02D}.Release|x86.Build.0 = Release|Any CPU
		{C4C58D7E-DF86-47B5-8044-009FE1FB9A3B}.Debug|Any CPU.ActiveCfg = Debug|Any CPU
		{C4C58D7E-DF86-47B5-8044-009FE1FB9A3B}.Debug|Any CPU.Build.0 = Debug|Any CPU
		{C4C58D7E-DF86-47B5-8044-009FE1FB9A3B}.Debug|x64.ActiveCfg = Debug|Any CPU
		{C4C58D7E-DF86-47B5-8044-009FE1FB9A3B}.Debug|x64.Build.0 = Debug|Any CPU
		{C4C58D7E-DF86-47B5-8044-009FE1FB9A3B}.Debug|x86.ActiveCfg = Debug|Any CPU
		{C4C58D7E-DF86-47B5-8044-009FE1FB9A3B}.Debug|x86.Build.0 = Debug|Any CPU
		{C4C58D7E-DF86-47B5-8044-009FE1FB9A3B}.Release|Any CPU.ActiveCfg = Release|Any CPU
		{C4C58D7E-DF86-47B5-8044-009FE1FB9A3B}.Release|Any CPU.Build.0 = Release|Any CPU
		{C4C58D7E-DF86-47B5-8044-009FE1FB9A3B}.Release|x64.ActiveCfg = Release|Any CPU
		{C4C58D7E-DF86-47B5-8044-009FE1FB9A3B}.Release|x64.Build.0 = Release|Any CPU
		{C4C58D7E-DF86-47B5-8044-009FE1FB9A3B}.Release|x86.ActiveCfg = Release|Any CPU
		{C4C58D7E-DF86-47B5-8044-009FE1FB9A3B}.Release|x86.Build.0 = Release|Any CPU
	EndGlobalSection
	GlobalSection(SolutionProperties) = preSolution
		HideSolutionNode = FALSE
	EndGlobalSection
	GlobalSection(NestedProjects) = preSolution
		{D2BB7BF1-8FB2-4199-B808-E39A3F2EF13E} = {8EED74DA-71D0-4CA1-AB3B-1617DF063130}
		{DB1E84BD-74AB-4A8E-9C59-25C06944889F} = {8EED74DA-71D0-4CA1-AB3B-1617DF063130}
		{DD02DDAC-DDFB-4572-8D51-7DEA93E3604D} = {8EED74DA-71D0-4CA1-AB3B-1617DF063130}
		{94C8643B-F1B3-495D-999C-3C5B9D8F458C} = {8EED74DA-71D0-4CA1-AB3B-1617DF063130}
		{3E3A3EED-F0C6-422B-BF0F-C917A9A8614A} = {8EED74DA-71D0-4CA1-AB3B-1617DF063130}
		{20284EC1-5333-4485-990C-563B10E482EF} = {8EED74DA-71D0-4CA1-AB3B-1617DF063130}
		{BEE69CC8-3087-45C8-A2CB-4D0D86BEC02D} = {95C17B13-0784-4421-BEEF-A135420C4FE5}
		{C4C58D7E-DF86-47B5-8044-009FE1FB9A3B} = {95C17B13-0784-4421-BEEF-A135420C4FE5}
	EndGlobalSection
	GlobalSection(ExtensibilityGlobals) = postSolution
		SolutionGuid = {CAA34A12-E649-4C92-BEC9-EBA36852FA91}
	EndGlobalSection
EndGlobal
